
Microsoft Visual Studio Solution File, Format Version 12.00
# Visual Studio Version 17
VisualStudioVersion = 17.5.002.0
MinimumVisualStudioVersion = 10.0.40219.1
Project("{9A19103F-16F7-4668-BE54-9A1E7A4F7556}") = "WeatherSite", "WeatherSite.csproj", "{0A2E6EC2-5A67-40DD-8B1C-4CB23FFF01A1}"
EndProject
Global
	GlobalSection(SolutionConfigurationPlatforms) = preSolution
		Debug|Any CPU = Debug|Any CPU
		Release|Any CPU = Release|Any CPU
	EndGlobalSection
	GlobalSection(ProjectConfigurationPlatforms) = postSolution
		{0A2E6EC2-5A67-40DD-8B1C-4CB23FFF01A1}.Debug|Any CPU.ActiveCfg = Debug|Any CPU
		{0A2E6EC2-5A67-40DD-8B1C-4CB23FFF01A1}.Debug|Any CPU.Build.0 = Debug|Any CPU
		{0A2E6EC2-5A67-40DD-8B1C-4CB23FFF01A1}.Release|Any CPU.ActiveCfg = Release|Any CPU
		{0A2E6EC2-5A67-40DD-8B1C-4CB23FFF01A1}.Release|Any CPU.Build.0 = Release|Any CPU
	EndGlobalSection
	GlobalSection(SolutionProperties) = preSolution
		HideSolutionNode = FALSE
	EndGlobalSection
	GlobalSection(ExtensibilityGlobals) = postSolution
		SolutionGuid = {97F1446D-49BA-4F12-BD1E-8EA1C714F568}
	EndGlobalSection
EndGlobal
